
Microsoft Visual Studio Solution File, Format Version 12.00
# Visual Studio Version 17
VisualStudioVersion = 17.4.33122.133
MinimumVisualStudioVersion = 10.0.40219.1
Project("{9A19103F-16F7-4668-BE54-9A1E7A4F7556}") = "BankingSystem.Api", "src\BankingSystem\BankingSystem.Api.csproj", "{0D2A59F4-0D56-44FB-AFE7-D7A49138EF56}"
EndProject
Project("{9A19103F-16F7-4668-BE54-9A1E7A4F7556}") = "BankingSystem.Services", "src\BankingSystem.Services\BankingSystem.Services.csproj", "{C1250108-7EBE-48BC-9521-030DECB52E33}"
EndProject
Project("{9A19103F-16F7-4668-BE54-9A1E7A4F7556}") = "BankingSystem.Contracts", "src\BankingSystem.Contracts\BankingSystem.Contracts.csproj", "{9EA9ECCF-0FCB-4AB9-8183-5A3FD10E950B}"
EndProject
Project("{9A19103F-16F7-4668-BE54-9A1E7A4F7556}") = "BankingSystem.UnitTests", "test\BankingSystem.UnitTests\BankingSystem.UnitTests.csproj", "{A6C575F6-A9DE-4CB2-A537-E7053B84B79E}"
EndProject
Project("{9A19103F-16F7-4668-BE54-9A1E7A4F7556}") = "BankingSystem.Dtos", "src\BankingSystem.Dtos\BankingSystem.Dtos.csproj", "{E89F9641-F4DF-486D-AC6F-92460429C1D2}"
EndProject
Project("{9A19103F-16F7-4668-BE54-9A1E7A4F7556}") = "BankingSystem.Data", "src\BankingSystem.Data\BankingSystem.Data.csproj", "{A2719557-1147-474D-8EC8-B99C4810345B}"
EndProject
Project("{FAE04EC0-301F-11D3-BF4B-00C04F79EFBC}") = "BankingSystem.DataAccess", "src\BankingSystem.DataAccess\BankingSystem.DataAccess.csproj", "{E253D30B-C6CA-4676-96A6-71ACF54B1D00}"
EndProject
Project("{FAE04EC0-301F-11D3-BF4B-00C04F79EFBC}") = "BankingSystem.DataAccess.Contracts", "src\BankingSystem.DataAccess.Contracts\BankingSystem.DataAccess.Contracts.csproj", "{0F99CE86-86BF-4B65-8FAA-F74ADA3071D9}"
EndProject
Global
	GlobalSection(SolutionConfigurationPlatforms) = preSolution
		Debug|Any CPU = Debug|Any CPU
		Release|Any CPU = Release|Any CPU
	EndGlobalSection
	GlobalSection(ProjectConfigurationPlatforms) = postSolution
		{0D2A59F4-0D56-44FB-AFE7-D7A49138EF56}.Debug|Any CPU.ActiveCfg = Debug|Any CPU
		{0D2A59F4-0D56-44FB-AFE7-D7A49138EF56}.Debug|Any CPU.Build.0 = Debug|Any CPU
		{0D2A59F4-0D56-44FB-AFE7-D7A49138EF56}.Release|Any CPU.ActiveCfg = Release|Any CPU
		{0D2A59F4-0D56-44FB-AFE7-D7A49138EF56}.Release|Any CPU.Build.0 = Release|Any CPU
		{C1250108-7EBE-48BC-9521-030DECB52E33}.Debug|Any CPU.ActiveCfg = Debug|Any CPU
		{C1250108-7EBE-48BC-9521-030DECB52E33}.Debug|Any CPU.Build.0 = Debug|Any CPU
		{C1250108-7EBE-48BC-9521-030DECB52E33}.Release|Any CPU.ActiveCfg = Release|Any CPU
		{C1250108-7EBE-48BC-9521-030DECB52E33}.Release|Any CPU.Build.0 = Release|Any CPU
		{9EA9ECCF-0FCB-4AB9-8183-5A3FD10E950B}.Debug|Any CPU.ActiveCfg = Debug|Any CPU
		{9EA9ECCF-0FCB-4AB9-8183-5A3FD10E950B}.Debug|Any CPU.Build.0 = Debug|Any CPU
		{9EA9ECCF-0FCB-4AB9-8183-5A3FD10E950B}.Release|Any CPU.ActiveCfg = Release|Any CPU
		{9EA9ECCF-0FCB-4AB9-8183-5A3FD10E950B}.Release|Any CPU.Build.0 = Release|Any CPU
		{A6C575F6-A9DE-4CB2-A537-E7053B84B79E}.Debug|Any CPU.ActiveCfg = Debug|Any CPU
		{A6C575F6-A9DE-4CB2-A537-E7053B84B79E}.Debug|Any CPU.Build.0 = Debug|Any CPU
		{A6C575F6-A9DE-4CB2-A537-E7053B84B79E}.Release|Any CPU.ActiveCfg = Release|Any CPU
		{A6C575F6-A9DE-4CB2-A537-E7053B84B79E}.Release|Any CPU.Build.0 = Release|Any CPU
		{E89F9641-F4DF-486D-AC6F-92460429C1D2}.Debug|Any CPU.ActiveCfg = Debug|Any CPU
		{E89F9641-F4DF-486D-AC6F-92460429C1D2}.Debug|Any CPU.Build.0 = Debug|Any CPU
		{E89F9641-F4DF-486D-AC6F-92460429C1D2}.Release|Any CPU.ActiveCfg = Release|Any CPU
		{E89F9641-F4DF-486D-AC6F-92460429C1D2}.Release|Any CPU.Build.0 = Release|Any CPU
		{A2719557-1147-474D-8EC8-B99C4810345B}.Debug|Any CPU.ActiveCfg = Debug|Any CPU
		{A2719557-1147-474D-8EC8-B99C4810345B}.Debug|Any CPU.Build.0 = Debug|Any CPU
		{A2719557-1147-474D-8EC8-B99C4810345B}.Release|Any CPU.ActiveCfg = Release|Any CPU
		{A2719557-1147-474D-8EC8-B99C4810345B}.Release|Any CPU.Build.0 = Release|Any CPU
		{E253D30B-C6CA-4676-96A6-71ACF54B1D00}.Debug|Any CPU.ActiveCfg = Debug|Any CPU
		{E253D30B-C6CA-4676-96A6-71ACF54B1D00}.Debug|Any CPU.Build.0 = Debug|Any CPU
		{E253D30B-C6CA-4676-96A6-71ACF54B1D00}.Release|Any CPU.ActiveCfg = Release|Any CPU
		{E253D30B-C6CA-4676-96A6-71ACF54B1D00}.Release|Any CPU.Build.0 = Release|Any CPU
		{0F99CE86-86BF-4B65-8FAA-F74ADA3071D9}.Debug|Any CPU.ActiveCfg = Debug|Any CPU
		{0F99CE86-86BF-4B65-8FAA-F74ADA3071D9}.Debug|Any CPU.Build.0 = Debug|Any CPU
		{0F99CE86-86BF-4B65-8FAA-F74ADA3071D9}.Release|Any CPU.ActiveCfg = Release|Any CPU
		{0F99CE86-86BF-4B65-8FAA-F74ADA3071D9}.Release|Any CPU.Build.0 = Release|Any CPU
	EndGlobalSection
	GlobalSection(SolutionProperties) = preSolution
		HideSolutionNode = FALSE
	EndGlobalSection
	GlobalSection(ExtensibilityGlobals) = postSolution
		SolutionGuid = {82EDA1D4-DA33-42ED-AA51-087C17B458EE}
	EndGlobalSection
EndGlobal
